
Microsoft Visual Studio Solution File, Format Version 12.00
# Visual Studio Version 17
VisualStudioVersion = 17.13.35818.85
MinimumVisualStudioVersion = 10.0.40219.1
Project("{2150E333-8FDC-42A3-9474-1A3956D46DE8}") = "src", "src", "{02EA681E-C7D8-13C7-8484-4AC65E1B71E8}"
EndProject
Project("{2150E333-8FDC-42A3-9474-1A3956D46DE8}") = "tests", "tests", "{EE4A0326-10EB-490C-9BA1-B97B5C553449}"
EndProject
Project("{2150E333-8FDC-42A3-9474-1A3956D46DE8}") = "BackendTests", "BackendTests", "{3EDB77B8-EE56-470B-9A99-8B13744653DF}"
EndProject
Project("{2150E333-8FDC-42A3-9474-1A3956D46DE8}") = "FrontendTests", "FrontendTests", "{2239D01B-B802-490D-A3F3-084237C4D727}"
EndProject
Project("{2150E333-8FDC-42A3-9474-1A3956D46DE8}") = "deployments", "deployments", "{0032FE91-57B1-4B2D-A0CB-0A662C3EF905}"
EndProject
Project("{2150E333-8FDC-42A3-9474-1A3956D46DE8}") = "docker", "docker", "{042835C4-2D63-402D-91BB-FDC3BF0D4C23}"
EndProject
Project("{2150E333-8FDC-42A3-9474-1A3956D46DE8}") = "kubernetes", "kubernetes", "{C7EFAD54-9B5F-4A88-BF7A-5970B3B29D1D}"
EndProject
Project("{2150E333-8FDC-42A3-9474-1A3956D46DE8}") = "docs", "docs", "{FB676675-E61A-4F4F-89EF-4F3149AAB8BB}"
	ProjectSection(SolutionItems) = preProject
		API-Docs.md = API-Docs.md
		Architecture.md = Architecture.md
	EndProjectSection
EndProject
Project("{2150E333-8FDC-42A3-9474-1A3956D46DE8}") = "Solution Items", "Solution Items", "{8EC462FD-D22E-90A8-E5CE-7E832BA40C5D}"
	ProjectSection(SolutionItems) = preProject
		.gitignore = .gitignore
		docker-compose.yml = docker-compose.yml
		LICENSE = LICENSE
		README.md = README.md
	EndProjectSection
EndProject
Project("{2150E333-8FDC-42A3-9474-1A3956D46DE8}") = "Gateway", "Gateway", "{CEEB88C4-067E-456E-8D94-83C1BEE2120E}"
EndProject
Project("{2150E333-8FDC-42A3-9474-1A3956D46DE8}") = "Identity", "Identity", "{49939F0B-3206-467D-88AE-0AEC7AE1CC47}"
EndProject
Project("{2150E333-8FDC-42A3-9474-1A3956D46DE8}") = "Shared", "Shared", "{8A8D586C-34F7-4471-8054-154405D93E0B}"
EndProject
Project("{2150E333-8FDC-42A3-9474-1A3956D46DE8}") = "Services", "Services", "{ED9E7428-CAAE-4DD8-A4AC-F6A4395250F9}"
EndProject
Project("{2150E333-8FDC-42A3-9474-1A3956D46DE8}") = "UserService", "UserService", "{6816F53B-F98C-4F00-9DC5-7DE5E79B8411}"
EndProject
Project("{FAE04EC0-301F-11D3-BF4B-00C04F79EFBC}") = "UserService.Domain", "UserService.Domain\UserService.Domain.csproj", "{5B39C9DE-9686-4436-B5CD-BECDF53E5A58}"
EndProject
Project("{FAE04EC0-301F-11D3-BF4B-00C04F79EFBC}") = "UserService.Application", "UserService.Application\UserService.Application.csproj", "{40419694-BE5E-499A-96D1-8ACB1B699031}"
EndProject
Project("{FAE04EC0-301F-11D3-BF4B-00C04F79EFBC}") = "UserService.Infrastructure", "UserService.Infrastructure\UserService.Infrastructure.csproj", "{5AA2B8EB-04B4-4991-89D1-C8AB430C8774}"
EndProject
Project("{FAE04EC0-301F-11D3-BF4B-00C04F79EFBC}") = "APIGateway", "APIGateway\APIGateway.csproj", "{38D7B733-D438-438E-A1AB-FE791557A114}"
EndProject
Project("{FAE04EC0-301F-11D3-BF4B-00C04F79EFBC}") = "UserService.API", "UserService.API\UserService.API.csproj", "{73B304B1-6683-4466-9D98-54BFD0FD2FE0}"
EndProject
Project("{FAE04EC0-301F-11D3-BF4B-00C04F79EFBC}") = "UserService.Tests", "UserService.Tests\UserService.Tests.csproj", "{936778C6-0CDB-402D-BAC0-5801B8AE207B}"
EndProject
Project("{FAE04EC0-301F-11D3-BF4B-00C04F79EFBC}") = "AuthService", "AuthService\AuthService.csproj", "{CE4FD865-3CDA-431D-AEC5-27472F02BC50}"
EndProject
Global
	GlobalSection(SolutionConfigurationPlatforms) = preSolution
		Debug|Any CPU = Debug|Any CPU
		Release|Any CPU = Release|Any CPU
	EndGlobalSection
	GlobalSection(ProjectConfigurationPlatforms) = postSolution
		{5B39C9DE-9686-4436-B5CD-BECDF53E5A58}.Debug|Any CPU.ActiveCfg = Debug|Any CPU
		{5B39C9DE-9686-4436-B5CD-BECDF53E5A58}.Debug|Any CPU.Build.0 = Debug|Any CPU
		{5B39C9DE-9686-4436-B5CD-BECDF53E5A58}.Release|Any CPU.ActiveCfg = Release|Any CPU
		{5B39C9DE-9686-4436-B5CD-BECDF53E5A58}.Release|Any CPU.Build.0 = Release|Any CPU
		{40419694-BE5E-499A-96D1-8ACB1B699031}.Debug|Any CPU.ActiveCfg = Debug|Any CPU
		{40419694-BE5E-499A-96D1-8ACB1B699031}.Debug|Any CPU.Build.0 = Debug|Any CPU
		{40419694-BE5E-499A-96D1-8ACB1B699031}.Release|Any CPU.ActiveCfg = Release|Any CPU
		{40419694-BE5E-499A-96D1-8ACB1B699031}.Release|Any CPU.Build.0 = Release|Any CPU
		{5AA2B8EB-04B4-4991-89D1-C8AB430C8774}.Debug|Any CPU.ActiveCfg = Debug|Any CPU
		{5AA2B8EB-04B4-4991-89D1-C8AB430C8774}.Debug|Any CPU.Build.0 = Debug|Any CPU
		{5AA2B8EB-04B4-4991-89D1-C8AB430C8774}.Release|Any CPU.ActiveCfg = Release|Any CPU
		{5AA2B8EB-04B4-4991-89D1-C8AB430C8774}.Release|Any CPU.Build.0 = Release|Any CPU
		{38D7B733-D438-438E-A1AB-FE791557A114}.Debug|Any CPU.ActiveCfg = Debug|Any CPU
		{38D7B733-D438-438E-A1AB-FE791557A114}.Debug|Any CPU.Build.0 = Debug|Any CPU
		{38D7B733-D438-438E-A1AB-FE791557A114}.Release|Any CPU.ActiveCfg = Release|Any CPU
		{38D7B733-D438-438E-A1AB-FE791557A114}.Release|Any CPU.Build.0 = Release|Any CPU
		{73B304B1-6683-4466-9D98-54BFD0FD2FE0}.Debug|Any CPU.ActiveCfg = Debug|Any CPU
		{73B304B1-6683-4466-9D98-54BFD0FD2FE0}.Debug|Any CPU.Build.0 = Debug|Any CPU
		{73B304B1-6683-4466-9D98-54BFD0FD2FE0}.Release|Any CPU.ActiveCfg = Release|Any CPU
		{73B304B1-6683-4466-9D98-54BFD0FD2FE0}.Release|Any CPU.Build.0 = Release|Any CPU
		{936778C6-0CDB-402D-BAC0-5801B8AE207B}.Debug|Any CPU.ActiveCfg = Debug|Any CPU
		{936778C6-0CDB-402D-BAC0-5801B8AE207B}.Debug|Any CPU.Build.0 = Debug|Any CPU
		{936778C6-0CDB-402D-BAC0-5801B8AE207B}.Release|Any CPU.ActiveCfg = Release|Any CPU
		{936778C6-0CDB-402D-BAC0-5801B8AE207B}.Release|Any CPU.Build.0 = Release|Any CPU
		{CE4FD865-3CDA-431D-AEC5-27472F02BC50}.Debug|Any CPU.ActiveCfg = Debug|Any CPU
		{CE4FD865-3CDA-431D-AEC5-27472F02BC50}.Debug|Any CPU.Build.0 = Debug|Any CPU
		{CE4FD865-3CDA-431D-AEC5-27472F02BC50}.Release|Any CPU.ActiveCfg = Release|Any CPU
		{CE4FD865-3CDA-431D-AEC5-27472F02BC50}.Release|Any CPU.Build.0 = Release|Any CPU
	EndGlobalSection
	GlobalSection(SolutionProperties) = preSolution
		HideSolutionNode = FALSE
	EndGlobalSection
	GlobalSection(NestedProjects) = preSolution
		{3EDB77B8-EE56-470B-9A99-8B13744653DF} = {EE4A0326-10EB-490C-9BA1-B97B5C553449}
		{2239D01B-B802-490D-A3F3-084237C4D727} = {EE4A0326-10EB-490C-9BA1-B97B5C553449}
		{042835C4-2D63-402D-91BB-FDC3BF0D4C23} = {0032FE91-57B1-4B2D-A0CB-0A662C3EF905}
		{C7EFAD54-9B5F-4A88-BF7A-5970B3B29D1D} = {0032FE91-57B1-4B2D-A0CB-0A662C3EF905}
		{CEEB88C4-067E-456E-8D94-83C1BEE2120E} = {02EA681E-C7D8-13C7-8484-4AC65E1B71E8}
		{49939F0B-3206-467D-88AE-0AEC7AE1CC47} = {02EA681E-C7D8-13C7-8484-4AC65E1B71E8}
		{8A8D586C-34F7-4471-8054-154405D93E0B} = {02EA681E-C7D8-13C7-8484-4AC65E1B71E8}
		{ED9E7428-CAAE-4DD8-A4AC-F6A4395250F9} = {02EA681E-C7D8-13C7-8484-4AC65E1B71E8}
		{6816F53B-F98C-4F00-9DC5-7DE5E79B8411} = {ED9E7428-CAAE-4DD8-A4AC-F6A4395250F9}
		{5B39C9DE-9686-4436-B5CD-BECDF53E5A58} = {6816F53B-F98C-4F00-9DC5-7DE5E79B8411}
		{40419694-BE5E-499A-96D1-8ACB1B699031} = {6816F53B-F98C-4F00-9DC5-7DE5E79B8411}
		{5AA2B8EB-04B4-4991-89D1-C8AB430C8774} = {6816F53B-F98C-4F00-9DC5-7DE5E79B8411}
		{38D7B733-D438-438E-A1AB-FE791557A114} = {CEEB88C4-067E-456E-8D94-83C1BEE2120E}
		{73B304B1-6683-4466-9D98-54BFD0FD2FE0} = {6816F53B-F98C-4F00-9DC5-7DE5E79B8411}
		{936778C6-0CDB-402D-BAC0-5801B8AE207B} = {6816F53B-F98C-4F00-9DC5-7DE5E79B8411}
		{CE4FD865-3CDA-431D-AEC5-27472F02BC50} = {49939F0B-3206-467D-88AE-0AEC7AE1CC47}
	EndGlobalSection
	GlobalSection(ExtensibilityGlobals) = postSolution
		SolutionGuid = {EEFB03E0-D275-4059-B9E2-59AD0007AFD8}
	EndGlobalSection
EndGlobal
